
Microsoft Visual Studio Solution File, Format Version 12.00
# Visual Studio 14
VisualStudioVersion = 14.0.25420.1
MinimumVisualStudioVersion = 10.0.40219.1
Project("{FAE04EC0-301F-11D3-BF4B-00C04F79EFBC}") = "EfBlogging.Uwp", "EfBlogging.Uwp\EfBlogging.Uwp.csproj", "{79A074BD-81F3-4F46-B9CA-BECBAAEADFA3}"
EndProject
Project("{FAE04EC0-301F-11D3-BF4B-00C04F79EFBC}") = "EfBlogging.Wpf", "EfBlogging.Wpf\EfBlogging.Wpf.csproj", "{39EDDFCA-774C-4DA1-87A4-32FE6FF613DD}"
EndProject
Project("{2150E333-8FDC-42A3-9474-1A3956D46DE8}") = "Solution Items", "Solution Items", "{6C9D3DC8-590C-47CA-A6DD-47BD49116CA1}"
	ProjectSection(SolutionItems) = preProject
		README.md = README.md
	EndProjectSection
EndProject
Project("{2150E333-8FDC-42A3-9474-1A3956D46DE8}") = "GitHubStuff", "GitHubStuff", "{19F46F4B-5E52-40DB-A2FE-372960EAA600}"
	ProjectSection(SolutionItems) = preProject
		GitHubStuff\EfBloggingCbLvAsItShouldBe.JPG = GitHubStuff\EfBloggingCbLvAsItShouldBe.JPG
	EndProjectSection
EndProject
Global
	GlobalSection(SolutionConfigurationPlatforms) = preSolution
		Debug|Any CPU = Debug|Any CPU
		Debug|ARM = Debug|ARM
		Debug|x64 = Debug|x64
		Debug|x86 = Debug|x86
		Release|Any CPU = Release|Any CPU
		Release|ARM = Release|ARM
		Release|x64 = Release|x64
		Release|x86 = Release|x86
	EndGlobalSection
	GlobalSection(ProjectConfigurationPlatforms) = postSolution
		{79A074BD-81F3-4F46-B9CA-BECBAAEADFA3}.Debug|Any CPU.ActiveCfg = Debug|x86
		{79A074BD-81F3-4F46-B9CA-BECBAAEADFA3}.Debug|ARM.ActiveCfg = Debug|ARM
		{79A074BD-81F3-4F46-B9CA-BECBAAEADFA3}.Debug|ARM.Build.0 = Debug|ARM
		{79A074BD-81F3-4F46-B9CA-BECBAAEADFA3}.Debug|ARM.Deploy.0 = Debug|ARM
		{79A074BD-81F3-4F46-B9CA-BECBAAEADFA3}.Debug|x64.ActiveCfg = Debug|x64
		{79A074BD-81F3-4F46-B9CA-BECBAAEADFA3}.Debug|x64.Build.0 = Debug|x64
		{79A074BD-81F3-4F46-B9CA-BECBAAEADFA3}.Debug|x64.Deploy.0 = Debug|x64
		{79A074BD-81F3-4F46-B9CA-BECBAAEADFA3}.Debug|x86.ActiveCfg = Debug|x86
		{79A074BD-81F3-4F46-B9CA-BECBAAEADFA3}.Debug|x86.Build.0 = Debug|x86
		{79A074BD-81F3-4F46-B9CA-BECBAAEADFA3}.Debug|x86.Deploy.0 = Debug|x86
		{79A074BD-81F3-4F46-B9CA-BECBAAEADFA3}.Release|Any CPU.ActiveCfg = Release|x86
		{79A074BD-81F3-4F46-B9CA-BECBAAEADFA3}.Release|ARM.ActiveCfg = Release|ARM
		{79A074BD-81F3-4F46-B9CA-BECBAAEADFA3}.Release|ARM.Build.0 = Release|ARM
		{79A074BD-81F3-4F46-B9CA-BECBAAEADFA3}.Release|ARM.Deploy.0 = Release|ARM
		{79A074BD-81F3-4F46-B9CA-BECBAAEADFA3}.Release|x64.ActiveCfg = Release|x64
		{79A074BD-81F3-4F46-B9CA-BECBAAEADFA3}.Release|x64.Build.0 = Release|x64
		{79A074BD-81F3-4F46-B9CA-BECBAAEADFA3}.Release|x64.Deploy.0 = Release|x64
		{79A074BD-81F3-4F46-B9CA-BECBAAEADFA3}.Release|x86.ActiveCfg = Release|x86
		{79A074BD-81F3-4F46-B9CA-BECBAAEADFA3}.Release|x86.Build.0 = Release|x86
		{79A074BD-81F3-4F46-B9CA-BECBAAEADFA3}.Release|x86.Deploy.0 = Release|x86
		{39EDDFCA-774C-4DA1-87A4-32FE6FF613DD}.Debug|Any CPU.ActiveCfg = Debug|Any CPU
		{39EDDFCA-774C-4DA1-87A4-32FE6FF613DD}.Debug|Any CPU.Build.0 = Debug|Any CPU
		{39EDDFCA-774C-4DA1-87A4-32FE6FF613DD}.Debug|ARM.ActiveCfg = Debug|Any CPU
		{39EDDFCA-774C-4DA1-87A4-32FE6FF613DD}.Debug|ARM.Build.0 = Debug|Any CPU
		{39EDDFCA-774C-4DA1-87A4-32FE6FF613DD}.Debug|x64.ActiveCfg = Debug|Any CPU
		{39EDDFCA-774C-4DA1-87A4-32FE6FF613DD}.Debug|x64.Build.0 = Debug|Any CPU
		{39EDDFCA-774C-4DA1-87A4-32FE6FF613DD}.Debug|x86.ActiveCfg = Debug|Any CPU
		{39EDDFCA-774C-4DA1-87A4-32FE6FF613DD}.Debug|x86.Build.0 = Debug|Any CPU
		{39EDDFCA-774C-4DA1-87A4-32FE6FF613DD}.Release|Any CPU.ActiveCfg = Release|Any CPU
		{39EDDFCA-774C-4DA1-87A4-32FE6FF613DD}.Release|Any CPU.Build.0 = Release|Any CPU
		{39EDDFCA-774C-4DA1-87A4-32FE6FF613DD}.Release|ARM.ActiveCfg = Release|Any CPU
		{39EDDFCA-774C-4DA1-87A4-32FE6FF613DD}.Release|ARM.Build.0 = Release|Any CPU
		{39EDDFCA-774C-4DA1-87A4-32FE6FF613DD}.Release|x64.ActiveCfg = Release|Any CPU
		{39EDDFCA-774C-4DA1-87A4-32FE6FF613DD}.Release|x64.Build.0 = Release|Any CPU
		{39EDDFCA-774C-4DA1-87A4-32FE6FF613DD}.Release|x86.ActiveCfg = Release|Any CPU
		{39EDDFCA-774C-4DA1-87A4-32FE6FF613DD}.Release|x86.Build.0 = Release|Any CPU
	EndGlobalSection
	GlobalSection(SolutionProperties) = preSolution
		HideSolutionNode = FALSE
	EndGlobalSection
	GlobalSection(NestedProjects) = preSolution
		{19F46F4B-5E52-40DB-A2FE-372960EAA600} = {6C9D3DC8-590C-47CA-A6DD-47BD49116CA1}
	EndGlobalSection
EndGlobal
